
Microsoft Visual Studio Solution File, Format Version 12.00
# Visual Studio Version 17
VisualStudioVersion = 17.7.34018.315
MinimumVisualStudioVersion = 10.0.40219.1
Project("{FAE04EC0-301F-11D3-BF4B-00C04F79EFBC}") = "FizzBuzz", "FizzBuzz\FizzBuzz.csproj", "{F5CDCAF4-8779-48BB-8224-A6262F6552DC}"
EndProject
Global
	GlobalSection(SolutionConfigurationPlatforms) = preSolution
		Debug|Any CPU = Debug|Any CPU
		Release|Any CPU = Release|Any CPU
	EndGlobalSection
	GlobalSection(ProjectConfigurationPlatforms) = postSolution
		{F5CDCAF4-8779-48BB-8224-A6262F6552DC}.Debug|Any CPU.ActiveCfg = Debug|Any CPU
		{F5CDCAF4-8779-48BB-8224-A6262F6552DC}.Debug|Any CPU.Build.0 = Debug|Any CPU
		{F5CDCAF4-8779-48BB-8224-A6262F6552DC}.Release|Any CPU.ActiveCfg = Release|Any CPU
		{F5CDCAF4-8779-48BB-8224-A6262F6552DC}.Release|Any CPU.Build.0 = Release|Any CPU
	EndGlobalSection
	GlobalSection(SolutionProperties) = preSolution
		HideSolutionNode = FALSE
	EndGlobalSection
	GlobalSection(ExtensibilityGlobals) = postSolution
		SolutionGuid = {E0859A3D-E3ED-4B13-A2C0-7009CDD870E6}
	EndGlobalSection
EndGlobal
